
Microsoft Visual Studio Solution File, Format Version 12.00
# Visual Studio Version 16
VisualStudioVersion = 16.0.30611.23
MinimumVisualStudioVersion = 10.0.40219.1
Project("{9A19103F-16F7-4668-BE54-9A1E7A4F7556}") = "UserRegistraionForm", "UserRegistraionForm\UserRegistraionForm.csproj", "{BA31201B-E741-42E4-B89F-83BFB5D6ED11}"
EndProject
Project("{FAE04EC0-301F-11D3-BF4B-00C04F79EFBC}") = "UserRegistrationTest", "UserRegistrationTest\UserRegistrationTest.csproj", "{CD9E7B1B-F179-44B8-B665-DF9B92F3AAF6}"
EndProject
Global
	GlobalSection(SolutionConfigurationPlatforms) = preSolution
		Debug|Any CPU = Debug|Any CPU
		Release|Any CPU = Release|Any CPU
	EndGlobalSection
	GlobalSection(ProjectConfigurationPlatforms) = postSolution
		{BA31201B-E741-42E4-B89F-83BFB5D6ED11}.Debug|Any CPU.ActiveCfg = Debug|Any CPU
		{BA31201B-E741-42E4-B89F-83BFB5D6ED11}.Debug|Any CPU.Build.0 = Debug|Any CPU
		{BA31201B-E741-42E4-B89F-83BFB5D6ED11}.Release|Any CPU.ActiveCfg = Release|Any CPU
		{BA31201B-E741-42E4-B89F-83BFB5D6ED11}.Release|Any CPU.Build.0 = Release|Any CPU
		{CD9E7B1B-F179-44B8-B665-DF9B92F3AAF6}.Debug|Any CPU.ActiveCfg = Debug|Any CPU
		{CD9E7B1B-F179-44B8-B665-DF9B92F3AAF6}.Debug|Any CPU.Build.0 = Debug|Any CPU
		{CD9E7B1B-F179-44B8-B665-DF9B92F3AAF6}.Release|Any CPU.ActiveCfg = Release|Any CPU
		{CD9E7B1B-F179-44B8-B665-DF9B92F3AAF6}.Release|Any CPU.Build.0 = Release|Any CPU
	EndGlobalSection
	GlobalSection(SolutionProperties) = preSolution
		HideSolutionNode = FALSE
	EndGlobalSection
	GlobalSection(ExtensibilityGlobals) = postSolution
		SolutionGuid = {4C43D44B-8A47-461D-86DB-28F7B3FACA71}
	EndGlobalSection
EndGlobal
